
Microsoft Visual Studio Solution File, Format Version 12.00
# Visual Studio Version 16
VisualStudioVersion = 16.0.30621.155
MinimumVisualStudioVersion = 10.0.40219.1
Project("{FAE04EC0-301F-11D3-BF4B-00C04F79EFBC}") = "Komodo", "Komodo_Cafe\Komodo.csproj", "{2683DC7E-EBEC-463A-A7B3-8D86128D8E2B}"
EndProject
Project("{FAE04EC0-301F-11D3-BF4B-00C04F79EFBC}") = "CafeTest", "CafeTest\CafeTest.csproj", "{8E863973-784F-422E-9DA0-D6AAA4CEADB4}"
EndProject
Project("{FAE04EC0-301F-11D3-BF4B-00C04F79EFBC}") = "CafeRepository", "CafeRepository\CafeRepository.csproj", "{F6E3A4FE-3E99-4C7D-AE1C-0193C87A3C48}"
EndProject
Global
	GlobalSection(SolutionConfigurationPlatforms) = preSolution
		Debug|Any CPU = Debug|Any CPU
		Release|Any CPU = Release|Any CPU
	EndGlobalSection
	GlobalSection(ProjectConfigurationPlatforms) = postSolution
		{2683DC7E-EBEC-463A-A7B3-8D86128D8E2B}.Debug|Any CPU.ActiveCfg = Debug|Any CPU
		{2683DC7E-EBEC-463A-A7B3-8D86128D8E2B}.Debug|Any CPU.Build.0 = Debug|Any CPU
		{2683DC7E-EBEC-463A-A7B3-8D86128D8E2B}.Release|Any CPU.ActiveCfg = Release|Any CPU
		{2683DC7E-EBEC-463A-A7B3-8D86128D8E2B}.Release|Any CPU.Build.0 = Release|Any CPU
		{8E863973-784F-422E-9DA0-D6AAA4CEADB4}.Debug|Any CPU.ActiveCfg = Debug|Any CPU
		{8E863973-784F-422E-9DA0-D6AAA4CEADB4}.Debug|Any CPU.Build.0 = Debug|Any CPU
		{8E863973-784F-422E-9DA0-D6AAA4CEADB4}.Release|Any CPU.ActiveCfg = Release|Any CPU
		{8E863973-784F-422E-9DA0-D6AAA4CEADB4}.Release|Any CPU.Build.0 = Release|Any CPU
		{F6E3A4FE-3E99-4C7D-AE1C-0193C87A3C48}.Debug|Any CPU.ActiveCfg = Debug|Any CPU
		{F6E3A4FE-3E99-4C7D-AE1C-0193C87A3C48}.Debug|Any CPU.Build.0 = Debug|Any CPU
		{F6E3A4FE-3E99-4C7D-AE1C-0193C87A3C48}.Release|Any CPU.ActiveCfg = Release|Any CPU
		{F6E3A4FE-3E99-4C7D-AE1C-0193C87A3C48}.Release|Any CPU.Build.0 = Release|Any CPU
	EndGlobalSection
	GlobalSection(SolutionProperties) = preSolution
		HideSolutionNode = FALSE
	EndGlobalSection
	GlobalSection(ExtensibilityGlobals) = postSolution
		SolutionGuid = {D1445F87-277C-460F-910C-4EFA058776F0}
	EndGlobalSection
EndGlobal
